
Microsoft Visual Studio Solution File, Format Version 12.00
# Visual Studio 14
VisualStudioVersion = 14.0.23107.0
MinimumVisualStudioVersion = 10.0.40219.1
Project("{FAE04EC0-301F-11D3-BF4B-00C04F79EFBC}") = "SharpMediator", "SharpMediator\SharpMediator.csproj", "{A347669F-D14B-43FA-AA0F-C977F57EA02C}"
EndProject
Project("{FAE04EC0-301F-11D3-BF4B-00C04F79EFBC}") = "SharpMediator.Tests", "SharpMediator.Tests\SharpMediator.Tests.csproj", "{8D8EA99E-18F3-4F67-A9A7-96FBD9B57FC0}"
EndProject
Global
	GlobalSection(SolutionConfigurationPlatforms) = preSolution
		Debug|Any CPU = Debug|Any CPU
		Release|Any CPU = Release|Any CPU
	EndGlobalSection
	GlobalSection(ProjectConfigurationPlatforms) = postSolution
		{A347669F-D14B-43FA-AA0F-C977F57EA02C}.Debug|Any CPU.ActiveCfg = Debug|Any CPU
		{A347669F-D14B-43FA-AA0F-C977F57EA02C}.Debug|Any CPU.Build.0 = Debug|Any CPU
		{A347669F-D14B-43FA-AA0F-C977F57EA02C}.Release|Any CPU.ActiveCfg = Release|Any CPU
		{A347669F-D14B-43FA-AA0F-C977F57EA02C}.Release|Any CPU.Build.0 = Release|Any CPU
		{8D8EA99E-18F3-4F67-A9A7-96FBD9B57FC0}.Debug|Any CPU.ActiveCfg = Debug|Any CPU
		{8D8EA99E-18F3-4F67-A9A7-96FBD9B57FC0}.Debug|Any CPU.Build.0 = Debug|Any CPU
		{8D8EA99E-18F3-4F67-A9A7-96FBD9B57FC0}.Release|Any CPU.ActiveCfg = Release|Any CPU
		{8D8EA99E-18F3-4F67-A9A7-96FBD9B57FC0}.Release|Any CPU.Build.0 = Release|Any CPU
	EndGlobalSection
	GlobalSection(SolutionProperties) = preSolution
		HideSolutionNode = FALSE
	EndGlobalSection
EndGlobal
